
Microsoft Visual Studio Solution File, Format Version 12.00
# Visual Studio Version 17
VisualStudioVersion = 17.5.33414.496
MinimumVisualStudioVersion = 10.0.40219.1
Project("{FAE04EC0-301F-11D3-BF4B-00C04F79EFBC}") = "Study_DDD.Domain", "Study_DDD.Domain\Study_DDD.Domain.csproj", "{4FA33A45-6212-45B8-A4F9-A8854D523260}"
EndProject
Global
	GlobalSection(SolutionConfigurationPlatforms) = preSolution
		Debug|Any CPU = Debug|Any CPU
		Release|Any CPU = Release|Any CPU
	EndGlobalSection
	GlobalSection(ProjectConfigurationPlatforms) = postSolution
		{4FA33A45-6212-45B8-A4F9-A8854D523260}.Debug|Any CPU.ActiveCfg = Debug|Any CPU
		{4FA33A45-6212-45B8-A4F9-A8854D523260}.Debug|Any CPU.Build.0 = Debug|Any CPU
		{4FA33A45-6212-45B8-A4F9-A8854D523260}.Release|Any CPU.ActiveCfg = Release|Any CPU
		{4FA33A45-6212-45B8-A4F9-A8854D523260}.Release|Any CPU.Build.0 = Release|Any CPU
	EndGlobalSection
	GlobalSection(SolutionProperties) = preSolution
		HideSolutionNode = FALSE
	EndGlobalSection
	GlobalSection(ExtensibilityGlobals) = postSolution
		SolutionGuid = {06817F2C-2215-4155-8E52-F104BC7821F2}
	EndGlobalSection
EndGlobal
